
Microsoft Visual Studio Solution File, Format Version 12.00
# Visual Studio Version 17
VisualStudioVersion = 17.8.34511.84
MinimumVisualStudioVersion = 10.0.40219.1
Project("{9A19103F-16F7-4668-BE54-9A1E7A4F7556}") = "api_transacao", "api_transacao.csproj", "{7823D3DD-81A9-455C-9041-5EE441E7521E}"
EndProject
Global
	GlobalSection(SolutionConfigurationPlatforms) = preSolution
		Debug|Any CPU = Debug|Any CPU
		Release|Any CPU = Release|Any CPU
	EndGlobalSection
	GlobalSection(ProjectConfigurationPlatforms) = postSolution
		{7823D3DD-81A9-455C-9041-5EE441E7521E}.Debug|Any CPU.ActiveCfg = Debug|Any CPU
		{7823D3DD-81A9-455C-9041-5EE441E7521E}.Debug|Any CPU.Build.0 = Debug|Any CPU
		{7823D3DD-81A9-455C-9041-5EE441E7521E}.Release|Any CPU.ActiveCfg = Release|Any CPU
		{7823D3DD-81A9-455C-9041-5EE441E7521E}.Release|Any CPU.Build.0 = Release|Any CPU
	EndGlobalSection
	GlobalSection(SolutionProperties) = preSolution
		HideSolutionNode = FALSE
	EndGlobalSection
	GlobalSection(ExtensibilityGlobals) = postSolution
		SolutionGuid = {BE630AFE-0696-4792-8B97-5A36F58464CA}
	EndGlobalSection
EndGlobal
